
Microsoft Visual Studio Solution File, Format Version 12.00
# Visual Studio 2013
VisualStudioVersion = 12.0.40629.0
MinimumVisualStudioVersion = 10.0.40219.1
Project("{FAE04EC0-301F-11D3-BF4B-00C04F79EFBC}") = "networktest", "networktest\networktest.csproj", "{B18CC180-9994-4626-8B3B-EA52C08A999C}"
EndProject
Project("{FAE04EC0-301F-11D3-BF4B-00C04F79EFBC}") = "SocketTcpClient", "SocketClient\SocketTcpClient.csproj", "{63964847-6557-4937-BC0F-836EC9123E57}"
EndProject
Project("{FAE04EC0-301F-11D3-BF4B-00C04F79EFBC}") = "SocketTcpServer", "SocketServer\SocketTcpServer.csproj", "{8BD481C9-39BF-4202-BB89-C5C7B76BCFB9}"
EndProject
Project("{FAE04EC0-301F-11D3-BF4B-00C04F79EFBC}") = "StreamTest", "Stream\StreamTest.csproj", "{ADDFD403-07C2-43CD-B14B-0282C98E2293}"
EndProject
Project("{FAE04EC0-301F-11D3-BF4B-00C04F79EFBC}") = "SocketUDP", "SocketUDP\SocketUDP.csproj", "{DBB0CCCF-2163-40C0-A59B-5F652F0A91A9}"
EndProject
Project("{FAE04EC0-301F-11D3-BF4B-00C04F79EFBC}") = "TcpServerTest", "TcpServerTest\TcpServerTest.csproj", "{52987E01-50B3-4681-B754-9C00C7BF16E0}"
EndProject
Project("{FAE04EC0-301F-11D3-BF4B-00C04F79EFBC}") = "TcpClientTest", "TcpClientTest\TcpClientTest.csproj", "{81A6546A-5220-4138-A353-E02C4C0C0742}"
EndProject
Project("{FAE04EC0-301F-11D3-BF4B-00C04F79EFBC}") = "Utility", "Utility\Utility.csproj", "{14745D15-612F-4778-A3E5-CA5FBEA3D784}"
EndProject
Project("{FAE04EC0-301F-11D3-BF4B-00C04F79EFBC}") = "AHTalk", "AHTalk\AHTalk.csproj", "{1DFD5C49-6127-4FA6-AF22-E3233EC77F95}"
EndProject
Project("{FAE04EC0-301F-11D3-BF4B-00C04F79EFBC}") = "AsyncTcpServer", "AsyncTcpServer\AsyncTcpServer.csproj", "{75A23FF6-4217-45A4-B9E1-D311CD24C581}"
EndProject
Project("{FAE04EC0-301F-11D3-BF4B-00C04F79EFBC}") = "AsyncTcpClient", "AsyncTcpClient\AsyncTcpClient.csproj", "{34186616-6A14-4EBC-A0FC-61109BCDA46B}"
EndProject
Project("{FAE04EC0-301F-11D3-BF4B-00C04F79EFBC}") = "UDPTest", "UDPTest\UDPTest.csproj", "{6BC29FCC-7116-4CE0-AD3A-79CA51D539CF}"
EndProject
Project("{FAE04EC0-301F-11D3-BF4B-00C04F79EFBC}") = "FtpServerExample", "C:\Users\Allen\Desktop\C#网络应用编程（第2版）PDF 及源程序\C#网络应用编程（第2版）源程序\ch07\E01-FtpServerExample\FtpServerExample\FtpServerExample.csproj", "{D14CF579-B63C-4A2E-9DAA-8B2619C3AA4E}"
EndProject
Project("{FAE04EC0-301F-11D3-BF4B-00C04F79EFBC}") = "FtpClientExample", "C:\Users\Allen\Desktop\C#网络应用编程（第2版）PDF 及源程序\C#网络应用编程（第2版）源程序\ch07\E02-FtpClientExample\FtpClientExample\FtpClientExample.csproj", "{60ABC908-E932-4A5C-9A50-3F51D34DB2BC}"
EndProject
Project("{FAE04EC0-301F-11D3-BF4B-00C04F79EFBC}") = "FTPServertTest", "FTPServertTest\FTPServertTest.csproj", "{89237978-DF06-4F74-8ED2-8683468F8FD9}"
EndProject
Project("{FAE04EC0-301F-11D3-BF4B-00C04F79EFBC}") = "FTPClientTest", "FTPClientTest\FTPClientTest.csproj", "{88513587-5708-4694-8C8D-01CAA15AB949}"
EndProject
Project("{FAE04EC0-301F-11D3-BF4B-00C04F79EFBC}") = "HttpMultiThreadDownloadExample", "C:\Users\Allen\Desktop\C#网络应用编程（第2版）PDF 及源程序\C#网络应用编程（第2版）源程序\ch08\E03-HttpMultiThreadDownloadExample\HttpMultiThreadDownloadExample\HttpMultiThreadDownloadExample\HttpMultiThreadDownloadExample.csproj", "{6AEDED58-9B14-4BF4-A8FD-E303DCDA2665}"
EndProject
Project("{FAE04EC0-301F-11D3-BF4B-00C04F79EFBC}") = "Stream", "Stream\Stream.csproj", "{85C2EFB4-A6FE-491F-818D-0326B5A130FA}"
EndProject
Global
	GlobalSection(SolutionConfigurationPlatforms) = preSolution
		Debug|Any CPU = Debug|Any CPU
		Release|Any CPU = Release|Any CPU
	EndGlobalSection
	GlobalSection(ProjectConfigurationPlatforms) = postSolution
		{B18CC180-9994-4626-8B3B-EA52C08A999C}.Debug|Any CPU.ActiveCfg = Debug|Any CPU
		{B18CC180-9994-4626-8B3B-EA52C08A999C}.Debug|Any CPU.Build.0 = Debug|Any CPU
		{B18CC180-9994-4626-8B3B-EA52C08A999C}.Release|Any CPU.ActiveCfg = Release|Any CPU
		{B18CC180-9994-4626-8B3B-EA52C08A999C}.Release|Any CPU.Build.0 = Release|Any CPU
		{63964847-6557-4937-BC0F-836EC9123E57}.Debug|Any CPU.ActiveCfg = Debug|Any CPU
		{63964847-6557-4937-BC0F-836EC9123E57}.Debug|Any CPU.Build.0 = Debug|Any CPU
		{63964847-6557-4937-BC0F-836EC9123E57}.Release|Any CPU.ActiveCfg = Release|Any CPU
		{63964847-6557-4937-BC0F-836EC9123E57}.Release|Any CPU.Build.0 = Release|Any CPU
		{8BD481C9-39BF-4202-BB89-C5C7B76BCFB9}.Debug|Any CPU.ActiveCfg = Debug|Any CPU
		{8BD481C9-39BF-4202-BB89-C5C7B76BCFB9}.Debug|Any CPU.Build.0 = Debug|Any CPU
		{8BD481C9-39BF-4202-BB89-C5C7B76BCFB9}.Release|Any CPU.ActiveCfg = Release|Any CPU
		{8BD481C9-39BF-4202-BB89-C5C7B76BCFB9}.Release|Any CPU.Build.0 = Release|Any CPU
		{ADDFD403-07C2-43CD-B14B-0282C98E2293}.Debug|Any CPU.ActiveCfg = Debug|Any CPU
		{ADDFD403-07C2-43CD-B14B-0282C98E2293}.Debug|Any CPU.Build.0 = Debug|Any CPU
		{ADDFD403-07C2-43CD-B14B-0282C98E2293}.Release|Any CPU.ActiveCfg = Release|Any CPU
		{ADDFD403-07C2-43CD-B14B-0282C98E2293}.Release|Any CPU.Build.0 = Release|Any CPU
		{DBB0CCCF-2163-40C0-A59B-5F652F0A91A9}.Debug|Any CPU.ActiveCfg = Debug|Any CPU
		{DBB0CCCF-2163-40C0-A59B-5F652F0A91A9}.Debug|Any CPU.Build.0 = Debug|Any CPU
		{DBB0CCCF-2163-40C0-A59B-5F652F0A91A9}.Release|Any CPU.ActiveCfg = Release|Any CPU
		{DBB0CCCF-2163-40C0-A59B-5F652F0A91A9}.Release|Any CPU.Build.0 = Release|Any CPU
		{52987E01-50B3-4681-B754-9C00C7BF16E0}.Debug|Any CPU.ActiveCfg = Debug|Any CPU
		{52987E01-50B3-4681-B754-9C00C7BF16E0}.Debug|Any CPU.Build.0 = Debug|Any CPU
		{52987E01-50B3-4681-B754-9C00C7BF16E0}.Release|Any CPU.ActiveCfg = Release|Any CPU
		{52987E01-50B3-4681-B754-9C00C7BF16E0}.Release|Any CPU.Build.0 = Release|Any CPU
		{81A6546A-5220-4138-A353-E02C4C0C0742}.Debug|Any CPU.ActiveCfg = Debug|Any CPU
		{81A6546A-5220-4138-A353-E02C4C0C0742}.Debug|Any CPU.Build.0 = Debug|Any CPU
		{81A6546A-5220-4138-A353-E02C4C0C0742}.Release|Any CPU.ActiveCfg = Release|Any CPU
		{81A6546A-5220-4138-A353-E02C4C0C0742}.Release|Any CPU.Build.0 = Release|Any CPU
		{14745D15-612F-4778-A3E5-CA5FBEA3D784}.Debug|Any CPU.ActiveCfg = Debug|Any CPU
		{14745D15-612F-4778-A3E5-CA5FBEA3D784}.Debug|Any CPU.Build.0 = Debug|Any CPU
		{14745D15-612F-4778-A3E5-CA5FBEA3D784}.Release|Any CPU.ActiveCfg = Release|Any CPU
		{14745D15-612F-4778-A3E5-CA5FBEA3D784}.Release|Any CPU.Build.0 = Release|Any CPU
		{1DFD5C49-6127-4FA6-AF22-E3233EC77F95}.Debug|Any CPU.ActiveCfg = Debug|Any CPU
		{1DFD5C49-6127-4FA6-AF22-E3233EC77F95}.Debug|Any CPU.Build.0 = Debug|Any CPU
		{1DFD5C49-6127-4FA6-AF22-E3233EC77F95}.Release|Any CPU.ActiveCfg = Release|Any CPU
		{1DFD5C49-6127-4FA6-AF22-E3233EC77F95}.Release|Any CPU.Build.0 = Release|Any CPU
		{75A23FF6-4217-45A4-B9E1-D311CD24C581}.Debug|Any CPU.ActiveCfg = Debug|Any CPU
		{75A23FF6-4217-45A4-B9E1-D311CD24C581}.Debug|Any CPU.Build.0 = Debug|Any CPU
		{75A23FF6-4217-45A4-B9E1-D311CD24C581}.Release|Any CPU.ActiveCfg = Release|Any CPU
		{75A23FF6-4217-45A4-B9E1-D311CD24C581}.Release|Any CPU.Build.0 = Release|Any CPU
		{34186616-6A14-4EBC-A0FC-61109BCDA46B}.Debug|Any CPU.ActiveCfg = Debug|Any CPU
		{34186616-6A14-4EBC-A0FC-61109BCDA46B}.Debug|Any CPU.Build.0 = Debug|Any CPU
		{34186616-6A14-4EBC-A0FC-61109BCDA46B}.Release|Any CPU.ActiveCfg = Release|Any CPU
		{34186616-6A14-4EBC-A0FC-61109BCDA46B}.Release|Any CPU.Build.0 = Release|Any CPU
		{6BC29FCC-7116-4CE0-AD3A-79CA51D539CF}.Debug|Any CPU.ActiveCfg = Debug|Any CPU
		{6BC29FCC-7116-4CE0-AD3A-79CA51D539CF}.Debug|Any CPU.Build.0 = Debug|Any CPU
		{6BC29FCC-7116-4CE0-AD3A-79CA51D539CF}.Release|Any CPU.ActiveCfg = Release|Any CPU
		{6BC29FCC-7116-4CE0-AD3A-79CA51D539CF}.Release|Any CPU.Build.0 = Release|Any CPU
		{D14CF579-B63C-4A2E-9DAA-8B2619C3AA4E}.Debug|Any CPU.ActiveCfg = Debug|Any CPU
		{D14CF579-B63C-4A2E-9DAA-8B2619C3AA4E}.Debug|Any CPU.Build.0 = Debug|Any CPU
		{D14CF579-B63C-4A2E-9DAA-8B2619C3AA4E}.Release|Any CPU.ActiveCfg = Release|Any CPU
		{D14CF579-B63C-4A2E-9DAA-8B2619C3AA4E}.Release|Any CPU.Build.0 = Release|Any CPU
		{60ABC908-E932-4A5C-9A50-3F51D34DB2BC}.Debug|Any CPU.ActiveCfg = Debug|Any CPU
		{60ABC908-E932-4A5C-9A50-3F51D34DB2BC}.Debug|Any CPU.Build.0 = Debug|Any CPU
		{60ABC908-E932-4A5C-9A50-3F51D34DB2BC}.Release|Any CPU.ActiveCfg = Release|Any CPU
		{60ABC908-E932-4A5C-9A50-3F51D34DB2BC}.Release|Any CPU.Build.0 = Release|Any CPU
		{89237978-DF06-4F74-8ED2-8683468F8FD9}.Debug|Any CPU.ActiveCfg = Debug|Any CPU
		{89237978-DF06-4F74-8ED2-8683468F8FD9}.Debug|Any CPU.Build.0 = Debug|Any CPU
		{89237978-DF06-4F74-8ED2-8683468F8FD9}.Release|Any CPU.ActiveCfg = Release|Any CPU
		{89237978-DF06-4F74-8ED2-8683468F8FD9}.Release|Any CPU.Build.0 = Release|Any CPU
		{88513587-5708-4694-8C8D-01CAA15AB949}.Debug|Any CPU.ActiveCfg = Debug|Any CPU
		{88513587-5708-4694-8C8D-01CAA15AB949}.Debug|Any CPU.Build.0 = Debug|Any CPU
		{88513587-5708-4694-8C8D-01CAA15AB949}.Release|Any CPU.ActiveCfg = Release|Any CPU
		{88513587-5708-4694-8C8D-01CAA15AB949}.Release|Any CPU.Build.0 = Release|Any CPU
		{6AEDED58-9B14-4BF4-A8FD-E303DCDA2665}.Debug|Any CPU.ActiveCfg = Debug|Any CPU
		{6AEDED58-9B14-4BF4-A8FD-E303DCDA2665}.Debug|Any CPU.Build.0 = Debug|Any CPU
		{6AEDED58-9B14-4BF4-A8FD-E303DCDA2665}.Release|Any CPU.ActiveCfg = Release|Any CPU
		{6AEDED58-9B14-4BF4-A8FD-E303DCDA2665}.Release|Any CPU.Build.0 = Release|Any CPU
		{85C2EFB4-A6FE-491F-818D-0326B5A130FA}.Debug|Any CPU.ActiveCfg = Debug|Any CPU
		{85C2EFB4-A6FE-491F-818D-0326B5A130FA}.Debug|Any CPU.Build.0 = Debug|Any CPU
		{85C2EFB4-A6FE-491F-818D-0326B5A130FA}.Release|Any CPU.ActiveCfg = Release|Any CPU
		{85C2EFB4-A6FE-491F-818D-0326B5A130FA}.Release|Any CPU.Build.0 = Release|Any CPU
	EndGlobalSection
	GlobalSection(SolutionProperties) = preSolution
		HideSolutionNode = FALSE
	EndGlobalSection
EndGlobal
